
Microsoft Visual Studio Solution File, Format Version 12.00
# Visual Studio Version 17
VisualStudioVersion = 17.1.32421.90
MinimumVisualStudioVersion = 10.0.40219.1
Project("{9A19103F-16F7-4668-BE54-9A1E7A4F7556}") = "Helpers", "Helpers\Helpers.csproj", "{57CB1BA2-6405-4B0B-81A1-EEB49E0BDF0D}"
EndProject
Project("{9A19103F-16F7-4668-BE54-9A1E7A4F7556}") = "Services", "Services\Services.csproj", "{9B6C4E7C-5D93-46C8-AA8A-A86472F02C23}"
EndProject
Project("{9A19103F-16F7-4668-BE54-9A1E7A4F7556}") = "CMS", "CMS\CMS.csproj", "{385F77ED-47BC-4390-AA45-D86417C44027}"
EndProject
Project("{9A19103F-16F7-4668-BE54-9A1E7A4F7556}") = "MailService", "MailService\MailService.csproj", "{758B9593-BD42-4D11-80C6-9BAE7E50088D}"
EndProject
Project("{9A19103F-16F7-4668-BE54-9A1E7A4F7556}") = "API", "API\API.csproj", "{45319BCA-FCA6-444B-96F4-FFB7C9404F83}"
EndProject
Global
	GlobalSection(SolutionConfigurationPlatforms) = preSolution
		Debug|Any CPU = Debug|Any CPU
		Release|Any CPU = Release|Any CPU
	EndGlobalSection
	GlobalSection(ProjectConfigurationPlatforms) = postSolution
		{57CB1BA2-6405-4B0B-81A1-EEB49E0BDF0D}.Debug|Any CPU.ActiveCfg = Debug|Any CPU
		{57CB1BA2-6405-4B0B-81A1-EEB49E0BDF0D}.Debug|Any CPU.Build.0 = Debug|Any CPU
		{57CB1BA2-6405-4B0B-81A1-EEB49E0BDF0D}.Release|Any CPU.ActiveCfg = Release|Any CPU
		{57CB1BA2-6405-4B0B-81A1-EEB49E0BDF0D}.Release|Any CPU.Build.0 = Release|Any CPU
		{9B6C4E7C-5D93-46C8-AA8A-A86472F02C23}.Debug|Any CPU.ActiveCfg = Debug|Any CPU
		{9B6C4E7C-5D93-46C8-AA8A-A86472F02C23}.Debug|Any CPU.Build.0 = Debug|Any CPU
		{9B6C4E7C-5D93-46C8-AA8A-A86472F02C23}.Release|Any CPU.ActiveCfg = Release|Any CPU
		{9B6C4E7C-5D93-46C8-AA8A-A86472F02C23}.Release|Any CPU.Build.0 = Release|Any CPU
		{385F77ED-47BC-4390-AA45-D86417C44027}.Debug|Any CPU.ActiveCfg = Debug|Any CPU
		{385F77ED-47BC-4390-AA45-D86417C44027}.Debug|Any CPU.Build.0 = Debug|Any CPU
		{385F77ED-47BC-4390-AA45-D86417C44027}.Release|Any CPU.ActiveCfg = Release|Any CPU
		{385F77ED-47BC-4390-AA45-D86417C44027}.Release|Any CPU.Build.0 = Release|Any CPU
		{758B9593-BD42-4D11-80C6-9BAE7E50088D}.Debug|Any CPU.ActiveCfg = Debug|Any CPU
		{758B9593-BD42-4D11-80C6-9BAE7E50088D}.Debug|Any CPU.Build.0 = Debug|Any CPU
		{758B9593-BD42-4D11-80C6-9BAE7E50088D}.Release|Any CPU.ActiveCfg = Release|Any CPU
		{758B9593-BD42-4D11-80C6-9BAE7E50088D}.Release|Any CPU.Build.0 = Release|Any CPU
		{45319BCA-FCA6-444B-96F4-FFB7C9404F83}.Debug|Any CPU.ActiveCfg = Debug|Any CPU
		{45319BCA-FCA6-444B-96F4-FFB7C9404F83}.Debug|Any CPU.Build.0 = Debug|Any CPU
		{45319BCA-FCA6-444B-96F4-FFB7C9404F83}.Release|Any CPU.ActiveCfg = Release|Any CPU
		{45319BCA-FCA6-444B-96F4-FFB7C9404F83}.Release|Any CPU.Build.0 = Release|Any CPU
	EndGlobalSection
	GlobalSection(SolutionProperties) = preSolution
		HideSolutionNode = FALSE
	EndGlobalSection
	GlobalSection(ExtensibilityGlobals) = postSolution
		SolutionGuid = {C3F58C59-AACA-4E4A-9B7C-2F4DCDB7D64E}
	EndGlobalSection
EndGlobal
